
Microsoft Visual Studio Solution File, Format Version 12.00
# Visual Studio Version 17
VisualStudioVersion = 17.0.32112.339
MinimumVisualStudioVersion = 10.0.40219.1
Project("{FAE04EC0-301F-11D3-BF4B-00C04F79EFBC}") = "practicaPOO703", "practicaPOO703\practicaPOO703.csproj", "{FEF04863-ECA7-4D33-B222-16177E9DEA59}"
EndProject
Global
	GlobalSection(SolutionConfigurationPlatforms) = preSolution
		Debug|Any CPU = Debug|Any CPU
		Release|Any CPU = Release|Any CPU
	EndGlobalSection
	GlobalSection(ProjectConfigurationPlatforms) = postSolution
		{FEF04863-ECA7-4D33-B222-16177E9DEA59}.Debug|Any CPU.ActiveCfg = Debug|Any CPU
		{FEF04863-ECA7-4D33-B222-16177E9DEA59}.Debug|Any CPU.Build.0 = Debug|Any CPU
		{FEF04863-ECA7-4D33-B222-16177E9DEA59}.Release|Any CPU.ActiveCfg = Release|Any CPU
		{FEF04863-ECA7-4D33-B222-16177E9DEA59}.Release|Any CPU.Build.0 = Release|Any CPU
	EndGlobalSection
	GlobalSection(SolutionProperties) = preSolution
		HideSolutionNode = FALSE
	EndGlobalSection
	GlobalSection(ExtensibilityGlobals) = postSolution
		SolutionGuid = {95DAD607-B799-446F-B337-08F19947A3E2}
	EndGlobalSection
EndGlobal
